
Microsoft Visual Studio Solution File, Format Version 12.00
# Visual Studio Version 17
VisualStudioVersion = 17.13.35825.156 d17.13
MinimumVisualStudioVersion = 10.0.40219.1
Project("{FAE04EC0-301F-11D3-BF4B-00C04F79EFBC}") = "browser", "browser.csproj", "{B2B0AB22-71FD-496B-90FC-6BE8C5D7370C}"
EndProject
Global
	GlobalSection(SolutionConfigurationPlatforms) = preSolution
		Debug|Any CPU = Debug|Any CPU
		Release|Any CPU = Release|Any CPU
	EndGlobalSection
	GlobalSection(ProjectConfigurationPlatforms) = postSolution
		{B2B0AB22-71FD-496B-90FC-6BE8C5D7370C}.Debug|Any CPU.ActiveCfg = Debug|Any CPU
		{B2B0AB22-71FD-496B-90FC-6BE8C5D7370C}.Debug|Any CPU.Build.0 = Debug|Any CPU
		{B2B0AB22-71FD-496B-90FC-6BE8C5D7370C}.Release|Any CPU.ActiveCfg = Release|Any CPU
		{B2B0AB22-71FD-496B-90FC-6BE8C5D7370C}.Release|Any CPU.Build.0 = Release|Any CPU
	EndGlobalSection
	GlobalSection(SolutionProperties) = preSolution
		HideSolutionNode = FALSE
	EndGlobalSection
	GlobalSection(ExtensibilityGlobals) = postSolution
		SolutionGuid = {DD48FE57-FB5C-45E1-A2F9-6D10A0D9168D}
	EndGlobalSection
EndGlobal
